
Microsoft Visual Studio Solution File, Format Version 12.00
# Visual Studio Version 17
VisualStudioVersion = 17.11.35327.3
MinimumVisualStudioVersion = 10.0.40219.1
Project("{FAE04EC0-301F-11D3-BF4B-00C04F79EFBC}") = "Clase5", "Clase5.csproj", "{B8ED5A5F-16E4-4A69-B9CE-E31D45B5D9AD}"
EndProject
Global
	GlobalSection(SolutionConfigurationPlatforms) = preSolution
		Debug|Any CPU = Debug|Any CPU
		Release|Any CPU = Release|Any CPU
	EndGlobalSection
	GlobalSection(ProjectConfigurationPlatforms) = postSolution
		{B8ED5A5F-16E4-4A69-B9CE-E31D45B5D9AD}.Debug|Any CPU.ActiveCfg = Debug|Any CPU
		{B8ED5A5F-16E4-4A69-B9CE-E31D45B5D9AD}.Debug|Any CPU.Build.0 = Debug|Any CPU
		{B8ED5A5F-16E4-4A69-B9CE-E31D45B5D9AD}.Release|Any CPU.ActiveCfg = Release|Any CPU
		{B8ED5A5F-16E4-4A69-B9CE-E31D45B5D9AD}.Release|Any CPU.Build.0 = Release|Any CPU
	EndGlobalSection
	GlobalSection(SolutionProperties) = preSolution
		HideSolutionNode = FALSE
	EndGlobalSection
	GlobalSection(ExtensibilityGlobals) = postSolution
		SolutionGuid = {515F6FCC-06C1-44FA-8FFA-533AC867B5C2}
	EndGlobalSection
EndGlobal
